{
  "lockfileVersion": 1,
  "workspaces": {
    "": {
      "dependencies": {
        "sugar-high": "^0.9.3",
      },
    },
  },
  "packages": {
    "sugar-high": ["sugar-high@0.9.3", "", {}, "sha512-sjJH8J76D1dRMU3QINnsYr1wfQyXbyEVQQvdgzJvIer6mkgM8ahB9fNrb+FDWzRKsLuITiBOR0ZbbhDZDUbqjg=="],
  }
}
